
Microsoft Visual Studio Solution File, Format Version 12.00
# Visual Studio Version 17
VisualStudioVersion = 17.14.37516.0 d17.14
MinimumVisualStudioVersion = 10.0.40219.1
Project("{FAE04EC0-301F-11D3-BF4B-00C04F79EFBC}") = "ProjetoLogistica", "ProjetoLogistica\ProjetoLogistica.csproj", "{7DFF7CDF-7F15-4D42-8A6C-84FE247DE372}"
EndProject
Global
	GlobalSection(SolutionConfigurationPlatforms) = preSolution
		Debug|Any CPU = Debug|Any CPU
		Release|Any CPU = Release|Any CPU
	EndGlobalSection
	GlobalSection(ProjectConfigurationPlatforms) = postSolution
		{7DFF7CDF-7F15-4D42-8A6C-84FE247DE372}.Debug|Any CPU.ActiveCfg = Debug|Any CPU
		{7DFF7CDF-7F15-4D42-8A6C-84FE247DE372}.Debug|Any CPU.Build.0 = Debug|Any CPU
		{7DFF7CDF-7F15-4D42-8A6C-84FE247DE372}.Release|Any CPU.ActiveCfg = Release|Any CPU
		{7DFF7CDF-7F15-4D42-8A6C-84FE247DE372}.Release|Any CPU.Build.0 = Release|Any CPU
	EndGlobalSection
	GlobalSection(SolutionProperties) = preSolution
		HideSolutionNode = FALSE
	EndGlobalSection
	GlobalSection(ExtensibilityGlobals) = postSolution
		SolutionGuid = {76002C29-82FA-4A86-99B2-F2F790A6150C}
	EndGlobalSection
EndGlobal
